
Microsoft Visual Studio Solution File, Format Version 12.00
# Visual Studio Version 17
VisualStudioVersion = 17.4.33110.190
MinimumVisualStudioVersion = 10.0.40219.1
Project("{FAE04EC0-301F-11D3-BF4B-00C04F79EFBC}") = "StackAndQueue", "StackAndQueue.csproj", "{F034FB2B-1FC1-4829-8D8A-455DB7149DF7}"
EndProject
Global
	GlobalSection(SolutionConfigurationPlatforms) = preSolution
		Debug|Any CPU = Debug|Any CPU
		Release|Any CPU = Release|Any CPU
	EndGlobalSection
	GlobalSection(ProjectConfigurationPlatforms) = postSolution
		{F034FB2B-1FC1-4829-8D8A-455DB7149DF7}.Debug|Any CPU.ActiveCfg = Debug|Any CPU
		{F034FB2B-1FC1-4829-8D8A-455DB7149DF7}.Debug|Any CPU.Build.0 = Debug|Any CPU
		{F034FB2B-1FC1-4829-8D8A-455DB7149DF7}.Release|Any CPU.ActiveCfg = Release|Any CPU
		{F034FB2B-1FC1-4829-8D8A-455DB7149DF7}.Release|Any CPU.Build.0 = Release|Any CPU
	EndGlobalSection
	GlobalSection(SolutionProperties) = preSolution
		HideSolutionNode = FALSE
	EndGlobalSection
	GlobalSection(ExtensibilityGlobals) = postSolution
		SolutionGuid = {7FB1C315-4DEC-4BAF-B292-967A41931F7A}
	EndGlobalSection
EndGlobal
